# This file is automatically @generated by Cargo.
# It is not intended for manual editing.
version = 4

[[package]]
name = "lexer"
version = "0.1.0"
source = "git+https://github.com/cosmobrain0/lexer.git#4f2b0cf76cd16d7982b4e555ad07521dedfa79cf"
dependencies = [
 "my_regex",
]

[[package]]
name = "my_regex"
version = "0.1.0"
source = "git+https://github.com/cosmobrain0/lexer.git#4f2b0cf76cd16d7982b4e555ad07521dedfa79cf"

[[package]]
name = "parsing"
version = "0.1.0"
dependencies = [
 "lexer",
]
